
Microsoft Visual Studio Solution File, Format Version 12.00
# Visual Studio Version 16
VisualStudioVersion = 16.0.31729.503
MinimumVisualStudioVersion = 10.0.40219.1
Project("{FAE04EC0-301F-11D3-BF4B-00C04F79EFBC}") = "LLSE", "LLSE\LLSE.csproj", "{39388FB0-3B9E-4524-A3D4-620BBC6D35DA}"
EndProject
Global
	GlobalSection(SolutionConfigurationPlatforms) = preSolution
		Debug|Any CPU = Debug|Any CPU
		Release|Any CPU = Release|Any CPU
	EndGlobalSection
	GlobalSection(ProjectConfigurationPlatforms) = postSolution
		{39388FB0-3B9E-4524-A3D4-620BBC6D35DA}.Debug|Any CPU.ActiveCfg = Debug|Any CPU
		{39388FB0-3B9E-4524-A3D4-620BBC6D35DA}.Debug|Any CPU.Build.0 = Debug|Any CPU
		{39388FB0-3B9E-4524-A3D4-620BBC6D35DA}.Release|Any CPU.ActiveCfg = Release|Any CPU
		{39388FB0-3B9E-4524-A3D4-620BBC6D35DA}.Release|Any CPU.Build.0 = Release|Any CPU
	EndGlobalSection
	GlobalSection(SolutionProperties) = preSolution
		HideSolutionNode = FALSE
	EndGlobalSection
	GlobalSection(ExtensibilityGlobals) = postSolution
		SolutionGuid = {E5C58263-0815-4417-9E2F-8D76882A4B73}
	EndGlobalSection
EndGlobal
